
Microsoft Visual Studio Solution File, Format Version 12.00
# Visual Studio 15
VisualStudioVersion = 15.0.28307.168
MinimumVisualStudioVersion = 10.0.40219.1
Project("{FAE04EC0-301F-11D3-BF4B-00C04F79EFBC}") = "ModelBuilder", "ModelBuilder\ModelBuilder.csproj", "{D1DCF85C-7321-41E3-AE56-DBC31AAB1D17}"
EndProject
Global
	GlobalSection(SolutionConfigurationPlatforms) = preSolution
		Debug|Any CPU = Debug|Any CPU
		Release|Any CPU = Release|Any CPU
	EndGlobalSection
	GlobalSection(ProjectConfigurationPlatforms) = postSolution
		{D1DCF85C-7321-41E3-AE56-DBC31AAB1D17}.Debug|Any CPU.ActiveCfg = Debug|Any CPU
		{D1DCF85C-7321-41E3-AE56-DBC31AAB1D17}.Debug|Any CPU.Build.0 = Debug|Any CPU
		{D1DCF85C-7321-41E3-AE56-DBC31AAB1D17}.Release|Any CPU.ActiveCfg = Release|Any CPU
		{D1DCF85C-7321-41E3-AE56-DBC31AAB1D17}.Release|Any CPU.Build.0 = Release|Any CPU
	EndGlobalSection
	GlobalSection(SolutionProperties) = preSolution
		HideSolutionNode = FALSE
	EndGlobalSection
	GlobalSection(ExtensibilityGlobals) = postSolution
		SolutionGuid = {0CEDAD86-4CE5-4760-8F9F-934B8B1AFF3B}
	EndGlobalSection
EndGlobal
